
Microsoft Visual Studio Solution File, Format Version 12.00
# Visual Studio Version 16
VisualStudioVersion = 16.0.31321.278
MinimumVisualStudioVersion = 10.0.40219.1
Project("{FAE04EC0-301F-11D3-BF4B-00C04F79EFBC}") = "CoreWebApp", "CoreWebApp\CoreWebApp.csproj", "{D0C8C951-437F-4C73-8ECB-5411EB426425}"
EndProject
Global
	GlobalSection(SolutionConfigurationPlatforms) = preSolution
		Debug|Any CPU = Debug|Any CPU
		Release|Any CPU = Release|Any CPU
	EndGlobalSection
	GlobalSection(ProjectConfigurationPlatforms) = postSolution
		{D0C8C951-437F-4C73-8ECB-5411EB426425}.Debug|Any CPU.ActiveCfg = Debug|Any CPU
		{D0C8C951-437F-4C73-8ECB-5411EB426425}.Debug|Any CPU.Build.0 = Debug|Any CPU
		{D0C8C951-437F-4C73-8ECB-5411EB426425}.Release|Any CPU.ActiveCfg = Release|Any CPU
		{D0C8C951-437F-4C73-8ECB-5411EB426425}.Release|Any CPU.Build.0 = Release|Any CPU
	EndGlobalSection
	GlobalSection(SolutionProperties) = preSolution
		HideSolutionNode = FALSE
	EndGlobalSection
	GlobalSection(ExtensibilityGlobals) = postSolution
		SolutionGuid = {3A41100E-2BD6-4443-A89D-C573A8473393}
	EndGlobalSection
EndGlobal
